
Microsoft Visual Studio Solution File, Format Version 12.00
# Visual Studio Version 17
VisualStudioVersion = 17.2.32630.192
MinimumVisualStudioVersion = 10.0.40219.1
Project("{888888A0-9F3D-457C-B088-3A5042F75D52}") = "Stonenorlia", "Stonenorlia.pyproj", "{F741D302-30A2-4E0E-B811-E1A894036665}"
EndProject
Global
	GlobalSection(SolutionConfigurationPlatforms) = preSolution
		Debug|Any CPU = Debug|Any CPU
		Release|Any CPU = Release|Any CPU
	EndGlobalSection
	GlobalSection(ProjectConfigurationPlatforms) = postSolution
		{F741D302-30A2-4E0E-B811-E1A894036665}.Debug|Any CPU.ActiveCfg = Debug|Any CPU
		{F741D302-30A2-4E0E-B811-E1A894036665}.Release|Any CPU.ActiveCfg = Release|Any CPU
	EndGlobalSection
	GlobalSection(SolutionProperties) = preSolution
		HideSolutionNode = FALSE
	EndGlobalSection
	GlobalSection(ExtensibilityGlobals) = postSolution
		SolutionGuid = {05C66209-BAF2-472B-98A6-C76BE19F3D8D}
	EndGlobalSection
EndGlobal
